
Microsoft Visual Studio Solution File, Format Version 12.00
# Visual Studio Version 16
VisualStudioVersion = 16.0.30011.22
MinimumVisualStudioVersion = 10.0.40219.1
Project("{E24C65DC-7377-472B-9ABA-BC803B73C61A}") = "WebSite(1)", "D:\QQ_Download\源码+数据库\源码+数据库\WebSite\", "{C05FE352-C7A7-4D19-BABB-5CD71042EFC6}"
	ProjectSection(WebsiteProperties) = preProject
		TargetFrameworkMoniker = ".NETFramework,Version%3Dv2.0"
		Debug.AspNetCompiler.VirtualPath = "/localhost_50474"
		Debug.AspNetCompiler.PhysicalPath = "D:\QQ_Download\源码+数据库\源码+数据库\WebSite\"
		Debug.AspNetCompiler.TargetPath = "PrecompiledWeb\localhost_50474\"
		Debug.AspNetCompiler.Updateable = "true"
		Debug.AspNetCompiler.ForceOverwrite = "true"
		Debug.AspNetCompiler.FixedNames = "false"
		Debug.AspNetCompiler.Debug = "True"
		Release.AspNetCompiler.VirtualPath = "/localhost_50474"
		Release.AspNetCompiler.PhysicalPath = "D:\QQ_Download\源码+数据库\源码+数据库\WebSite\"
		Release.AspNetCompiler.TargetPath = "PrecompiledWeb\localhost_50474\"
		Release.AspNetCompiler.Updateable = "true"
		Release.AspNetCompiler.ForceOverwrite = "true"
		Release.AspNetCompiler.FixedNames = "false"
		Release.AspNetCompiler.Debug = "False"
		VWDPort = "50474"
	EndProjectSection
EndProject
Global
	GlobalSection(SolutionConfigurationPlatforms) = preSolution
		Debug|Any CPU = Debug|Any CPU
	EndGlobalSection
	GlobalSection(ProjectConfigurationPlatforms) = postSolution
		{C05FE352-C7A7-4D19-BABB-5CD71042EFC6}.Debug|Any CPU.ActiveCfg = Debug|Any CPU
		{C05FE352-C7A7-4D19-BABB-5CD71042EFC6}.Debug|Any CPU.Build.0 = Debug|Any CPU
	EndGlobalSection
	GlobalSection(SolutionProperties) = preSolution
		HideSolutionNode = FALSE
	EndGlobalSection
	GlobalSection(ExtensibilityGlobals) = postSolution
		SolutionGuid = {8860182F-F209-4C37-84E1-2439A2D6E140}
	EndGlobalSection
EndGlobal
